
Microsoft Visual Studio Solution File, Format Version 12.00
# Visual Studio 2013
VisualStudioVersion = 12.0.31101.0
MinimumVisualStudioVersion = 10.0.40219.1
Project("{FAE04EC0-301F-11D3-BF4B-00C04F79EFBC}") = "sharp", "sharp\sharp.csproj", "{780F687F-A59A-4D34-85A3-089FAA6D2ADE}"
EndProject
Global
	GlobalSection(SolutionConfigurationPlatforms) = preSolution
		Debug|Any CPU = Debug|Any CPU
		Release|Any CPU = Release|Any CPU
	EndGlobalSection
	GlobalSection(ProjectConfigurationPlatforms) = postSolution
		{780F687F-A59A-4D34-85A3-089FAA6D2ADE}.Debug|Any CPU.ActiveCfg = Debug|Any CPU
		{780F687F-A59A-4D34-85A3-089FAA6D2ADE}.Debug|Any CPU.Build.0 = Debug|Any CPU
		{780F687F-A59A-4D34-85A3-089FAA6D2ADE}.Release|Any CPU.ActiveCfg = Release|Any CPU
		{780F687F-A59A-4D34-85A3-089FAA6D2ADE}.Release|Any CPU.Build.0 = Release|Any CPU
	EndGlobalSection
	GlobalSection(SolutionProperties) = preSolution
		HideSolutionNode = FALSE
	EndGlobalSection
EndGlobal
